[[package]]
name = "atomicwrites"
version = "1.4.0"
description = "Atomic file writes."
category = "dev"
optional = false
python-versions = ">=2.7, !=3.0.*, !=3.1.*, !=3.2.*, !=3.3.*"

[[package]]
name = "attrs"
version = "21.4.0"
description = "Classes Without Boilerplate"
category = "dev"
optional = false
python-versions = ">=2.7, !=3.0.*, !=3.1.*, !=3.2.*, !=3.3.*, !=3.4.*"

[package.extras]
dev = ["coverage[toml] (>=5.0.2)", "hypothesis", "pympler", "pytest (>=4.3.0)", "six", "mypy", "pytest-mypy-plugins", "zope.interface", "furo", "sphinx", "sphinx-notfound-page", "pre-commit", "cloudpickle"]
docs = ["furo", "sphinx", "zope.interface", "sphinx-notfound-page"]
tests = ["coverage[toml] (>=5.0.2)", "hypothesis", "pympler", "pytest (>=4.3.0)", "six", "mypy", "pytest-mypy-plugins", "zope.interface", "cloudpickle"]
tests_no_zope = ["coverage[toml] (>=5.0.2)", "hypothesis", "pympler", "pytest (>=4.3.0)", "six", "mypy", "pytest-mypy-plugins", "cloudpickle"]

[[package]]
name = "awkward"
version = "1.8.0"
description = "Manipulate JSON-like data with NumPy-like idioms."
category = "main"
optional = false
python-versions = ">=3.6"

[package.dependencies]
numpy = ">=1.13.1"

[package.extras]
all = ["awkward-cuda-kernels (==1.8.0)", "pytest (>=6)", "pytest-cov", "autograd", "flake8", "numba (>=0.50.0)", "numexpr", "pandas (>=0.24.0)", "pyyaml", "jax (>=0.2.7)", "jaxlib (>=0.1.57,!=0.1.68)", "pyarrow (>=6.0.0)"]
cuda = ["awkward-cuda-kernels (==1.8.0)"]
dev = ["autograd", "flake8", "numba (>=0.50.0)", "numexpr", "pandas (>=0.24.0)", "pyyaml", "jax (>=0.2.7)", "jaxlib (>=0.1.57,!=0.1.68)", "pyarrow (>=6.0.0)"]
test = ["pytest (>=6)", "pytest-cov"]

[[package]]
name = "colorama"
version = "0.4.4"
description = "Cross-platform colored terminal text."
category = "dev"
optional = false
python-versions = ">=2.7, !=3.0.*, !=3.1.*, !=3.2.*, !=3.3.*, !=3.4.*"

[[package]]
name = "hipopybind"
version = "0.0.1"
description = "A HIPO python library using PyBind11 and CMake"
category = "main"
optional = false
python-versions = ">=3.6"

[package.extras]
test = ["pytest (>=6.0)"]

[[package]]
name = "importlib-metadata"
version = "4.11.3"
description = "Read metadata from Python packages"
category = "dev"
optional = false
python-versions = ">=3.7"

[package.dependencies]
typing-extensions = {version = ">=3.6.4", markers = "python_version < \"3.8\""}
zipp = ">=0.5"

[package.extras]
docs = ["sphinx", "jaraco.packaging (>=9)", "rst.linker (>=1.9)"]
perf = ["ipython"]
testing = ["pytest (>=6)", "pytest-checkdocs (>=2.4)", "pytest-flake8", "pytest-cov", "pytest-enabler (>=1.0.1)", "packaging", "pyfakefs", "flufl.flake8", "pytest-perf (>=0.9.2)", "pytest-black (>=0.3.7)", "pytest-mypy (>=0.9.1)", "importlib-resources (>=1.3)"]

[[package]]
name = "more-itertools"
version = "8.12.0"
description = "More routines for operating on iterables, beyond itertools"
category = "dev"
optional = false
python-versions = ">=3.5"

[[package]]
name = "numpy"
version = "1.21.1"
description = "NumPy is the fundamental package for array computing with Python."
category = "main"
optional = false
python-versions = ">=3.7"

[[package]]
name = "packaging"
version = "21.3"
description = "Core utilities for Python packages"
category = "dev"
optional = false
python-versions = ">=3.6"

[package.dependencies]
pyparsing = ">=2.0.2,<3.0.5 || >3.0.5"

[[package]]
name = "pluggy"
version = "0.13.1"
description = "plugin and hook calling mechanisms for python"
category = "dev"
optional = false
python-versions = ">=2.7, !=3.0.*, !=3.1.*, !=3.2.*, !=3.3.*"

[package.dependencies]
importlib-metadata = {version = ">=0.12", markers = "python_version < \"3.8\""}

[package.extras]
dev = ["pre-commit", "tox"]

[[package]]
name = "py"
version = "1.11.0"
description = "library with cross-python path, ini-parsing, io, code, log facilities"
category = "dev"
optional = false
python-versions = ">=2.7, !=3.0.*, !=3.1.*, !=3.2.*, !=3.3.*, !=3.4.*"

[[package]]
name = "pyparsing"
version = "3.0.8"
description = "pyparsing module - Classes and methods to define and execute parsing grammars"
category = "dev"
optional = false
python-versions = ">=3.6.8"

[package.extras]
diagrams = ["railroad-diagrams", "jinja2"]

[[package]]
name = "pytest"
version = "5.4.3"
description = "pytest: simple powerful testing with Python"
category = "dev"
optional = false
python-versions = ">=3.5"

[package.dependencies]
atomicwrites = {version = ">=1.0", markers = "sys_platform == \"win32\""}
attrs = ">=17.4.0"
colorama = {version = "*", markers = "sys_platform == \"win32\""}
importlib-metadata = {version = ">=0.12", markers = "python_version < \"3.8\""}
more-itertools = ">=4.0.0"
packaging = "*"
pluggy = ">=0.12,<1.0"
py = ">=1.5.0"
wcwidth = "*"

[package.extras]
checkqa-mypy = ["mypy (==v0.761)"]
testing = ["argcomplete", "hypothesis (>=3.56)", "mock", "nose", "requests", "xmlschema"]

[[package]]
name = "typing-extensions"
version = "4.2.0"
description = "Backported and Experimental Type Hints for Python 3.7+"
category = "dev"
optional = false
python-versions = ">=3.7"

[[package]]
name = "wcwidth"
version = "0.2.5"
description = "Measures the displayed width of unicode strings in a terminal"
category = "dev"
optional = false
python-versions = "*"

[[package]]
name = "zipp"
version = "3.8.0"
description = "Backport of pathlib-compatible object wrapper for zip files"
category = "dev"
optional = false
python-versions = ">=3.7"

[package.extras]
docs = ["sphinx", "jaraco.packaging (>=9)", "rst.linker (>=1.9)"]
testing = ["pytest (>=6)", "pytest-checkdocs (>=2.4)", "pytest-flake8", "pytest-cov", "pytest-enabler (>=1.0.1)", "jaraco.itertools", "func-timeout", "pytest-black (>=0.3.7)", "pytest-mypy (>=0.9.1)"]

[metadata]
lock-version = "1.1"
python-versions = "^3.7.3"
content-hash = "57d6be6e0783a7007e921ef4a2dd39cab495de4a5ca074c2de51747360078249"

[metadata.files]
atomicwrites = [
    {file = "atomicwrites-1.4.0-py2.py3-none-any.whl", hash = "sha256:6d1784dea7c0c8d4a5172b6c620f40b6e4cbfdf96d783691f2e1302a7b88e197"},
    {file = "atomicwrites-1.4.0.tar.gz", hash = "sha256:ae70396ad1a434f9c7046fd2dd196fc04b12f9e91ffb859164193be8b6168a7a"},
]
attrs = [
    {file = "attrs-21.4.0-py2.py3-none-any.whl", hash = "sha256:2d27e3784d7a565d36ab851fe94887c5eccd6a463168875832a1be79c82828b4"},
    {file = "attrs-21.4.0.tar.gz", hash = "sha256:626ba8234211db98e869df76230a137c4c40a12d72445c45d5f5b716f076e2fd"},
]
awkward = [
    {file = "awkward-1.8.0-cp310-cp310-macosx_10_9_universal2.whl", hash = "sha256:378a5607163a55f67c4493b0e2b8407427b40fbd16f6672b08daa59aceb482b0"},
    {file = "awkward-1.8.0-cp310-cp310-macosx_10_9_x86_64.whl", hash = "sha256:1d2f3c4d96738e35dcdea52dd1b3ba3a8e17628d83a3eb071084329dbc6eb0b3"},
    {file = "awkward-1.8.0-cp310-cp310-manylinux_2_17_aarch64.manylinux2014_aarch64.whl", hash = "sha256:80c955cc99164d8a6dbc18b33d9d93d5d7ece4ec6548d47af9cfe96a3c5295b8"},
    {file = "awkward-1.8.0-cp310-cp310-manylinux_2_17_x86_64.manylinux2014_x86_64.whl", hash = "sha256:a259d1ab74e16880d943a8b5e5be2c8bc9e6d8d5c9afebe51481e33f28a9ec2f"},
    {file = "awkward-1.8.0-cp310-cp310-musllinux_1_1_aarch64.whl", hash = "sha256:23b9cf1a2a7fd408b0ca0b227d9e13f199b12516faf9feaca825ed0b9f6affb9"},
    {file = "awkward-1.8.0-cp310-cp310-musllinux_1_1_x86_64.whl", hash = "sha256:c8a2519c89b3d0d510d1965e6b39185bb1aa760d48c430a1913ac68a8f702122"},
    {file = "awkward-1.8.0-cp310-cp310-win_amd64.whl", hash = "sha256:fe3259da3962a8cfc17cc2991e020e2211a357a160c8ed9e4294507bc936d36a"},
    {file = "awkward-1.8.0-cp36-cp36m-macosx_10_9_x86_64.whl", hash = "sha256:a2652dc84de9a84a749ea40845575b70b3e8bb6d1fcdcb3527db3569861611bc"},
    {file = "awkward-1.8.0-cp36-cp36m-manylinux_2_12_x86_64.manylinux2010_x86_64.whl", hash = "sha256:6058d098004edf66b1c345f1ed854cfa3b04f871d4de65566548a8825597ed18"},
    {file = "awkward-1.8.0-cp36-cp36m-manylinux_2_17_aarch64.manylinux2014_aarch64.whl", hash = "sha256:5c546cdb2b718d82fc81df6d4410608896d30de090404236d92a85dc955fc846"},
    {file = "awkward-1.8.0-cp36-cp36m-manylinux_2_5_x86_64.manylinux1_x86_64.whl", hash = "sha256:11fbb63d8da9b76ffea9ed66c74f8d832fa0df774a28e1674c1b6c3baf13c035"},
    {file = "awkward-1.8.0-cp36-cp36m-musllinux_1_1_aarch64.whl", hash = "sha256:5af3e717f1bfe83bb6255f00dae0924a18d2f713b7b5803c6529053a56d9f21f"},
    {file = "awkward-1.8.0-cp36-cp36m-musllinux_1_1_x86_64.whl", hash = "sha256:be7c0169f9581b9ea9086adb441529a03ad9460c167b1f29d46497c07686c259"},
    {file = "awkward-1.8.0-cp36-cp36m-win32.whl", hash = "sha256:cedbf6a419262e1c333e30abd1408fe8dab8b25ffbbdd4e0a8562e84999e89cd"},
    {file = "awkward-1.8.0-cp36-cp36m-win_amd64.whl", hash = "sha256:7ff4c5f387d18c6b2b771235a1bc6ab14666714e60d498cb16c9d169a45a02ec"},
    {file = "awkward-1.8.0-cp37-cp37m-macosx_10_9_x86_64.whl", hash = "sha256:7c784ca8f798b5abfeda1f1c2ee30eadf5431209d87d07283bbdc3d606e4d932"},
    {file = "awkward-1.8.0-cp37-cp37m-manylinux_2_12_x86_64.manylinux2010_x86_64.whl", hash = "sha256:22f7e8d014346b9e92edd63838242dbda7ae6d6776f6d718532431726869bdbe"},
    {file = "awkward-1.8.0-cp37-cp37m-manylinux_2_17_aarch64.manylinux2014_aarch64.whl", hash = "sha256:d9fd48494c3d9b2ec40fdb5c74e5176ae10333bea6374c7237407cfb856907e6"},
    {file = "awkward-1.8.0-cp37-cp37m-manylinux_2_5_x86_64.manylinux1_x86_64.whl", hash = "sha256:5f4d99948485f8845e0bf138af9f802293865b32aa8d4b79dd0bdcd01ab32267"},
    {file = "awkward-1.8.0-cp37-cp37m-musllinux_1_1_aarch64.whl", hash = "sha256:53572a2c064967214325874ccbb8f24138c470c26ec31c07a29922ee85f356d0"},
    {file = "awkward-1.8.0-cp37-cp37m-musllinux_1_1_x86_64.whl", hash = "sha256:a7e90f36fccc2d12b9f115d3c6c363a07f413ce4e5f6c891f44e0f813071b87c"},
    {file = "awkward-1.8.0-cp37-cp37m-win32.whl", hash = "sha256:f8d8a623c102fa64680225bbf0f242b1f01c665b0af3d00729911c34fb35253e"},
    {file = "awkward-1.8.0-cp37-cp37m-win_amd64.whl", hash = "sha256:04941f394d0bd207ac581711bc0447d0431f7fb2957df56a348e8a5c2d71a0e7"},
    {file = "awkward-1.8.0-cp38-cp38-macosx_10_9_universal2.whl", hash = "sha256:4701bd93875db49fedc70684af061971f9b2763d8f974a1f8fb8ffae6ffd8bb5"},
    {file = "awkward-1.8.0-cp38-cp38-macosx_10_9_x86_64.whl", hash = "sha256:4ff8e99566255f87fc193c1f24b2fd16729bc25ae281dec53a893ef309e4bf6e"},
    {file = "awkward-1.8.0-cp38-cp38-manylinux_2_12_x86_64.manylinux2010_x86_64.whl", hash = "sha256:be8d05c372e50585f7d56cb60c6ff6359f2c2ac1ee15fec42741dd3ab974d7d2"},
    {file = "awkward-1.8.0-cp38-cp38-manylinux_2_17_aarch64.manylinux2014_aarch64.whl", hash = "sha256:38e42a4ec8357a79783d0c2469ba982449ca0d685115effe1596d2ad382fc630"},
    {file = "awkward-1.8.0-cp38-cp38-manylinux_2_5_x86_64.manylinux1_x86_64.whl", hash = "sha256:ec074d93daa07c3ef447bc97bee688a2a9982cdca0e1ff935cd550dea2e78253"},
    {file = "awkward-1.8.0-cp38-cp38-musllinux_1_1_aarch64.whl", hash = "sha256:19377bee33a47a5ad01074f4106aaaba443945ff09c4d3d0ce596dab13113de6"},
    {file = "awkward-1.8.0-cp38-cp38-musllinux_1_1_x86_64.whl", hash = "sha256:fcc655d5e5c7376c1603023b7baf41423c454477a89ff7b14d3c59de45be7dab"},
    {file = "awkward-1.8.0-cp38-cp38-win32.whl", hash = "sha256:376e2167b9387ec2ad308f01338fffc0887a8fd76b9d66fbc796da9eba974891"},
    {file = "awkward-1.8.0-cp38-cp38-win_amd64.whl", hash = "sha256:1365cc634a3870a1ac04f5c2bf946915e2ea0b788e8355433433f552726ce001"},
    {file = "awkward-1.8.0-cp39-cp39-macosx_10_9_universal2.whl", hash = "sha256:ea8eeead84a849d7d4495e0f49be809dd8c4d9989382aa16eb16e2057b6df5b9"},
    {file = "awkward-1.8.0-cp39-cp39-macosx_10_9_x86_64.whl", hash = "sha256:c35a556d46621c66d8d3754c24116c4bf1718a76708f9641934582bb9e9c4f05"},
    {file = "awkward-1.8.0-cp39-cp39-manylinux_2_12_x86_64.manylinux2010_x86_64.whl", hash = "sha256:6e1845c94ce55cb44f0eeb2b9f4ecaf70a8d60ca321e26add92d3bd39959c0d7"},
    {file = "awkward-1.8.0-cp39-cp39-manylinux_2_17_aarch64.manylinux2014_aarch64.whl", hash = "sha256:13d58764221aacebdbd69c0de4297f9a0d67ce2aa28728dcd84fa06d2f57c5fc"},
    {file = "awkward-1.8.0-cp39-cp39-musllinux_1_1_aarch64.whl", hash = "sha256:d57f6cb0bd72d5a70060e45386ddbd33bbaa8faedb8a3598980bd91f8a1d6dd1"},
    {file = "awkward-1.8.0-cp39-cp39-musllinux_1_1_x86_64.whl", hash = "sha256:81c5fbc98723a3f122655599a08ce6c4ae9846ac47a6528725f105b607f03dcf"},
    {file = "awkward-1.8.0-cp39-cp39-win32.whl", hash = "sha256:522964ef3fb06420fde81879c5c6c3b3182183931d21d410d41a85635e691886"},
    {file = "awkward-1.8.0-cp39-cp39-win_amd64.whl", hash = "sha256:cd83acb4b766e67cbb817101d7ad4a5505acf34bd517328697443f4a043282bc"},
    {file = "awkward-1.8.0-pp37-pypy37_pp73-macosx_10_9_x86_64.whl", hash = "sha256:b845dcf15e9eb729bb97325bcd60c61c47b0c4bc1b4efc042c574177040945cf"},
    {file = "awkward-1.8.0-pp37-pypy37_pp73-manylinux_2_17_x86_64.manylinux2014_x86_64.whl", hash = "sha256:9817ca120fe866e1745abc6cecc997452145b414c3b10b2027e0fb01f3154d81"},
    {file = "awkward-1.8.0-pp38-pypy38_pp73-macosx_10_9_x86_64.whl", hash = "sha256:aedef75a61fcbdc60370379435ed415b0ea0b38f47e56c56ef14c040b315f10c"},
    {file = "awkward-1.8.0-pp38-pypy38_pp73-manylinux_2_17_x86_64.manylinux2014_x86_64.whl", hash = "sha256:a444ca601f48a071bb66f0849a220b07d745eeac168411c523949c7872e29172"},
    {file = "awkward-1.8.0.tar.gz", hash = "sha256:6655fa22d1b1d1dcb9ccee0d502350ab90c53467a10b540b7624422b594d2e72"},
]
colorama = [
    {file = "colorama-0.4.4-py2.py3-none-any.whl", hash = "sha256:9f47eda37229f68eee03b24b9748937c7dc3868f906e8ba69fbcbdd3bc5dc3e2"},
    {file = "colorama-0.4.4.tar.gz", hash = "sha256:5941b2b48a20143d2267e95b1c2a7603ce057ee39fd88e7329b0c292aa16869b"},
]
hipopybind = [
    {file = "hipopybind-0.0.1-cp39-cp39-macosx_10_15_x86_64.whl", hash = "sha256:a2c8a169a4249ff384dff09e194a414cbb9b9054e21eef534c8624a755d398e3"},
    {file = "hipopybind-0.0.1.tar.gz", hash = "sha256:9abb7e65781078131a49a247f2641553a301b3bd39788b9089da1186a09b9b8b"},
]
importlib-metadata = [
    {file = "importlib_metadata-4.11.3-py3-none-any.whl", hash = "sha256:1208431ca90a8cca1a6b8af391bb53c1a2db74e5d1cef6ddced95d4b2062edc6"},
    {file = "importlib_metadata-4.11.3.tar.gz", hash = "sha256:ea4c597ebf37142f827b8f39299579e31685c31d3a438b59f469406afd0f2539"},
]
more-itertools = [
    {file = "more-itertools-8.12.0.tar.gz", hash = "sha256:7dc6ad46f05f545f900dd59e8dfb4e84a4827b97b3cfecb175ea0c7d247f6064"},
    {file = "more_itertools-8.12.0-py3-none-any.whl", hash = "sha256:43e6dd9942dffd72661a2c4ef383ad7da1e6a3e968a927ad7a6083ab410a688b"},
]
numpy = [
    {file = "numpy-1.21.1-cp37-cp37m-macosx_10_9_x86_64.whl", hash = "sha256:38e8648f9449a549a7dfe8d8755a5979b45b3538520d1e735637ef28e8c2dc50"},
    {file = "numpy-1.21.1-cp37-cp37m-manylinux_2_12_i686.manylinux2010_i686.whl", hash = "sha256:fd7d7409fa643a91d0a05c7554dd68aa9c9bb16e186f6ccfe40d6e003156e33a"},
    {file = "numpy-1.21.1-cp37-cp37m-manylinux_2_12_x86_64.manylinux2010_x86_64.whl", hash = "sha256:a75b4498b1e93d8b700282dc8e655b8bd559c0904b3910b144646dbbbc03e062"},
    {file = "numpy-1.21.1-cp37-cp37m-manylinux_2_17_aarch64.manylinux2014_aarch64.whl", hash = "sha256:1412aa0aec3e00bc23fbb8664d76552b4efde98fb71f60737c83efbac24112f1"},
    {file = "numpy-1.21.1-cp37-cp37m-manylinux_2_5_i686.manylinux1_i686.whl", hash = "sha256:e46ceaff65609b5399163de5893d8f2a82d3c77d5e56d976c8b5fb01faa6b671"},
    {file = "numpy-1.21.1-cp37-cp37m-manylinux_2_5_x86_64.manylinux1_x86_64.whl", hash = "sha256:c6a2324085dd52f96498419ba95b5777e40b6bcbc20088fddb9e8cbb58885e8e"},
    {file = "numpy-1.21.1-cp37-cp37m-win32.whl", hash = "sha256:73101b2a1fef16602696d133db402a7e7586654682244344b8329cdcbbb82172"},
    {file = "numpy-1.21.1-cp37-cp37m-win_amd64.whl", hash = "sha256:7a708a79c9a9d26904d1cca8d383bf869edf6f8e7650d85dbc77b041e8c5a0f8"},
    {file = "numpy-1.21.1-cp38-cp38-macosx_10_9_universal2.whl", hash = "sha256:95b995d0c413f5d0428b3f880e8fe1660ff9396dcd1f9eedbc311f37b5652e16"},
    {file = "numpy-1.21.1-cp38-cp38-macosx_10_9_x86_64.whl", hash = "sha256:635e6bd31c9fb3d475c8f44a089569070d10a9ef18ed13738b03049280281267"},
    {file = "numpy-1.21.1-cp38-cp38-macosx_11_0_arm64.whl", hash = "sha256:4a3d5fb89bfe21be2ef47c0614b9c9c707b7362386c9a3ff1feae63e0267ccb6"},
    {file = "numpy-1.21.1-cp38-cp38-manylinux_2_12_i686.manylinux2010_i686.whl", hash = "sha256:8a326af80e86d0e9ce92bcc1e65c8ff88297de4fa14ee936cb2293d414c9ec63"},
    {file = "numpy-1.21.1-cp38-cp38-manylinux_2_12_x86_64.manylinux2010_x86_64.whl", hash = "sha256:791492091744b0fe390a6ce85cc1bf5149968ac7d5f0477288f78c89b385d9af"},
    {file = "numpy-1.21.1-cp38-cp38-manylinux_2_17_aarch64.manylinux2014_aarch64.whl", hash = "sha256:0318c465786c1f63ac05d7c4dbcecd4d2d7e13f0959b01b534ea1e92202235c5"},
    {file = "numpy-1.21.1-cp38-cp38-manylinux_2_5_i686.manylinux1_i686.whl", hash = "sha256:9a513bd9c1551894ee3d31369f9b07460ef223694098cf27d399513415855b68"},
    {file = "numpy-1.21.1-cp38-cp38-manylinux_2_5_x86_64.manylinux1_x86_64.whl", hash = "sha256:91c6f5fc58df1e0a3cc0c3a717bb3308ff850abdaa6d2d802573ee2b11f674a8"},
    {file = "numpy-1.21.1-cp38-cp38-win32.whl", hash = "sha256:978010b68e17150db8765355d1ccdd450f9fc916824e8c4e35ee620590e234cd"},
    {file = "numpy-1.21.1-cp38-cp38-win_amd64.whl", hash = "sha256:9749a40a5b22333467f02fe11edc98f022133ee1bfa8ab99bda5e5437b831214"},
    {file = "numpy-1.21.1-cp39-cp39-macosx_10_9_universal2.whl", hash = "sha256:d7a4aeac3b94af92a9373d6e77b37691b86411f9745190d2c351f410ab3a791f"},
    {file = "numpy-1.21.1-cp39-cp39-macosx_10_9_x86_64.whl", hash = "sha256:d9e7912a56108aba9b31df688a4c4f5cb0d9d3787386b87d504762b6754fbb1b"},
    {file = "numpy-1.21.1-cp39-cp39-macosx_11_0_arm64.whl", hash = "sha256:25b40b98ebdd272bc3020935427a4530b7d60dfbe1ab9381a39147834e985eac"},
    {file = "numpy-1.21.1-cp39-cp39-manylinux_2_12_i686.manylinux2010_i686.whl", hash = "sha256:8a92c5aea763d14ba9d6475803fc7904bda7decc2a0a68153f587ad82941fec1"},
    {file = "numpy-1.21.1-cp39-cp39-manylinux_2_12_x86_64.manylinux2010_x86_64.whl", hash = "sha256:05a0f648eb28bae4bcb204e6fd14603de2908de982e761a2fc78efe0f19e96e1"},
    {file = "numpy-1.21.1-cp39-cp39-manylinux_2_17_aarch64.manylinux2014_aarch64.whl", hash = "sha256:f01f28075a92eede918b965e86e8f0ba7b7797a95aa8d35e1cc8821f5fc3ad6a"},
    {file = "numpy-1.21.1-cp39-cp39-win32.whl", hash = "sha256:88c0b89ad1cc24a5efbb99ff9ab5db0f9a86e9cc50240177a571fbe9c2860ac2"},
    {file = "numpy-1.21.1-cp39-cp39-win_amd64.whl", hash = "sha256:01721eefe70544d548425a07c80be8377096a54118070b8a62476866d5208e33"},
    {file = "numpy-1.21.1-pp37-pypy37_pp73-manylinux_2_12_x86_64.manylinux2010_x86_64.whl", hash = "sha256:2d4d1de6e6fb3d28781c73fbde702ac97f03d79e4ffd6598b880b2d95d62ead4"},
    {file = "numpy-1.21.1.zip", hash = "sha256:dff4af63638afcc57a3dfb9e4b26d434a7a602d225b42d746ea7fe2edf1342fd"},
]
packaging = [
    {file = "packaging-21.3-py3-none-any.whl", hash = "sha256:ef103e05f519cdc783ae24ea4e2e0f508a9c99b2d4969652eed6a2e1ea5bd522"},
    {file = "packaging-21.3.tar.gz", hash = "sha256:dd47c42927d89ab911e606518907cc2d3a1f38bbd026385970643f9c5b8ecfeb"},
]
pluggy = [
    {file = "pluggy-0.13.1-py2.py3-none-any.whl", hash = "sha256:966c145cd83c96502c3c3868f50408687b38434af77734af1e9ca461a4081d2d"},
    {file = "pluggy-0.13.1.tar.gz", hash = "sha256:15b2acde666561e1298d71b523007ed7364de07029219b604cf808bfa1c765b0"},
]
py = [
    {file = "py-1.11.0-py2.py3-none-any.whl", hash = "sha256:607c53218732647dff4acdfcd50cb62615cedf612e72d1724fb1a0cc6405b378"},
    {file = "py-1.11.0.tar.gz", hash = "sha256:51c75c4126074b472f746a24399ad32f6053d1b34b68d2fa41e558e6f4a98719"},
]
pyparsing = [
    {file = "pyparsing-3.0.8-py3-none-any.whl", hash = "sha256:ef7b523f6356f763771559412c0d7134753f037822dad1b16945b7b846f7ad06"},
    {file = "pyparsing-3.0.8.tar.gz", hash = "sha256:7bf433498c016c4314268d95df76c81b842a4cb2b276fa3312cfb1e1d85f6954"},
]
pytest = [
    {file = "pytest-5.4.3-py3-none-any.whl", hash = "sha256:5c0db86b698e8f170ba4582a492248919255fcd4c79b1ee64ace34301fb589a1"},
    {file = "pytest-5.4.3.tar.gz", hash = "sha256:7979331bfcba207414f5e1263b5a0f8f521d0f457318836a7355531ed1a4c7d8"},
]
typing-extensions = [
    {file = "typing_extensions-4.2.0-py3-none-any.whl", hash = "sha256:6657594ee297170d19f67d55c05852a874e7eb634f4f753dbd667855e07c1708"},
    {file = "typing_extensions-4.2.0.tar.gz", hash = "sha256:f1c24655a0da0d1b67f07e17a5e6b2a105894e6824b92096378bb3668ef02376"},
]
wcwidth = [
    {file = "wcwidth-0.2.5-py2.py3-none-any.whl", hash = "sha256:beb4802a9cebb9144e99086eff703a642a13d6a0052920003a230f3294bbe784"},
    {file = "wcwidth-0.2.5.tar.gz", hash = "sha256:c4d647b99872929fdb7bdcaa4fbe7f01413ed3d98077df798530e5b04f116c83"},
]
zipp = [
    {file = "zipp-3.8.0-py3-none-any.whl", hash = "sha256:c4f6e5bbf48e74f7a38e7cc5b0480ff42b0ae5178957d564d18932525d5cf099"},
    {file = "zipp-3.8.0.tar.gz", hash = "sha256:56bf8aadb83c24db6c4b577e13de374ccfb67da2078beba1d037c17980bf43ad"},
]
