# This file is automatically @generated by Poetry 1.8.2 and should not be changed by hand.

[[package]]
name = "atomicwrites"
version = "1.4.1"
description = "Atomic file writes."
optional = false
python-versions = ">=2.7, !=3.0.*, !=3.1.*, !=3.2.*, !=3.3.*"
files = [
    {file = "atomicwrites-1.4.1.tar.gz", hash = "sha256:81b2c9071a49367a7f770170e5eec8cb66567cfbbc8c73d20ce5ca4a8d71cf11"},
]

[[package]]
name = "attrs"
version = "23.2.0"
description = "Classes Without Boilerplate"
optional = false
python-versions = ">=3.7"
files = [
    {file = "attrs-23.2.0-py3-none-any.whl", hash = "sha256:99b87a485a5820b23b879f04c2305b44b951b502fd64be915879d77a7e8fc6f1"},
    {file = "attrs-23.2.0.tar.gz", hash = "sha256:935dc3b529c262f6cf76e50877d35a4bd3c1de194fd41f47a2b7ae8f19971f30"},
]

[package.dependencies]
importlib-metadata = {version = "*", markers = "python_version < \"3.8\""}

[package.extras]
cov = ["attrs[tests]", "coverage[toml] (>=5.3)"]
dev = ["attrs[tests]", "pre-commit"]
docs = ["furo", "myst-parser", "sphinx", "sphinx-notfound-page", "sphinxcontrib-towncrier", "towncrier", "zope-interface"]
tests = ["attrs[tests-no-zope]", "zope-interface"]
tests-mypy = ["mypy (>=1.6)", "pytest-mypy-plugins"]
tests-no-zope = ["attrs[tests-mypy]", "cloudpickle", "hypothesis", "pympler", "pytest (>=4.3.0)", "pytest-xdist[psutil]"]

[[package]]
name = "awkward"
version = "1.10.5"
description = "Manipulate JSON-like data with NumPy-like idioms."
optional = false
python-versions = ">=3.7"
files = [
    {file = "awkward-1.10.5-cp310-cp310-macosx_10_9_universal2.whl", hash = "sha256:5ea5314b2131fc93fc382dc582423a5558febee960d070fd14cad22eace8ad01"},
    {file = "awkward-1.10.5-cp310-cp310-macosx_10_9_x86_64.whl", hash = "sha256:b982003830aa344c0a2e3a8e611191deb6fe5db826147765587539741794165e"},
    {file = "awkward-1.10.5-cp310-cp310-manylinux_2_17_aarch64.manylinux2014_aarch64.whl", hash = "sha256:99a142ad1530545794dbfc7099e88e2daecba2de69c20a32c5321b0447ade724"},
    {file = "awkward-1.10.5-cp310-cp310-manylinux_2_17_x86_64.manylinux2014_x86_64.whl", hash = "sha256:009d4cd1db3eae739889cde5f4f77642c971cdc9ad84ab38f4d0a93e6772d072"},
    {file = "awkward-1.10.5-cp310-cp310-musllinux_1_1_aarch64.whl", hash = "sha256:fad1b47b07a1fa9358b2d6c112b09edc35262a3bfb07a609705e49e695cdd331"},
    {file = "awkward-1.10.5-cp310-cp310-musllinux_1_1_x86_64.whl", hash = "sha256:5e54736ca1a8b1af3efe80bd2e61800c5fa2a413e8bc54add73cb6683fe2124d"},
    {file = "awkward-1.10.5-cp310-cp310-win_amd64.whl", hash = "sha256:548ef402282575a8b10925a467c63354bdfabb95b3fb8245bfc3a8efb20623a7"},
    {file = "awkward-1.10.5-cp311-cp311-macosx_10_9_universal2.whl", hash = "sha256:2a108afb245a26f71d6d8ecbaac9ea633994ffe9408e34d4827a62e615eb0e33"},
    {file = "awkward-1.10.5-cp311-cp311-macosx_10_9_x86_64.whl", hash = "sha256:fb15bc7c2c458bc07706c760a3d28ed91f1cd79336083b86c60807688f4e6cc2"},
    {file = "awkward-1.10.5-cp311-cp311-manylinux_2_17_aarch64.manylinux2014_aarch64.whl", hash = "sha256:e537f15c92f21d58034caf0489ff39b0ac0320b857c9be0b61e8524cef72a929"},
    {file = "awkward-1.10.5-cp311-cp311-manylinux_2_17_x86_64.manylinux2014_x86_64.whl", hash = "sha256:e63c19f871dd5a11e2d93ef92fe432dc07ea95bee53e803fae57593b33390d60"},
    {file = "awkward-1.10.5-cp311-cp311-musllinux_1_1_aarch64.whl", hash = "sha256:2bc4bf5c37e30454e29c7846a2531e186994e89aead6f2208bb951bb19e5bfde"},
    {file = "awkward-1.10.5-cp311-cp311-musllinux_1_1_x86_64.whl", hash = "sha256:80909b58f5a0c07372a98c5985db76c37b59f2dfa2c49392044dbac928e9a6fc"},
    {file = "awkward-1.10.5-cp311-cp311-win_amd64.whl", hash = "sha256:cbf3f1d32a494cfbabbd43dc00481d8003b137ee615caefcf88b07cd887f5909"},
    {file = "awkward-1.10.5-cp37-cp37m-macosx_10_9_x86_64.whl", hash = "sha256:d31ef9508dfab3580f6d8718062a4106d417d42e0eb39529f667cad8ef235f74"},
    {file = "awkward-1.10.5-cp37-cp37m-manylinux_2_17_aarch64.manylinux2014_aarch64.whl", hash = "sha256:a377b84d351846a09f6fcd38ba942e64519f8b4c14774c50d5d0e275a41df76b"},
    {file = "awkward-1.10.5-cp37-cp37m-manylinux_2_17_x86_64.manylinux2014_x86_64.whl", hash = "sha256:575fd83c1a8878ec29fe304797b95dfae2aa7b4adbf406cd3a4de41f7e23891a"},
    {file = "awkward-1.10.5-cp37-cp37m-musllinux_1_1_aarch64.whl", hash = "sha256:19f0e4d8c8469382ff063d2ff24fe99b3a2fe019410b75277665ba651bf668bd"},
    {file = "awkward-1.10.5-cp37-cp37m-musllinux_1_1_x86_64.whl", hash = "sha256:0e342b5d76d41ed9aadb90ebcc32ef498e82c76fb651788d85bf11085d34346f"},
    {file = "awkward-1.10.5-cp37-cp37m-win32.whl", hash = "sha256:32a275103e406be094f9983227e3f0bf9abb3b801ea802945dc61df773ac846c"},
    {file = "awkward-1.10.5-cp37-cp37m-win_amd64.whl", hash = "sha256:ad73ad1cde9d0d5ab32e9eb46fc1a6a09f320ecf2f0770ff3b6644e06d3ccc1e"},
    {file = "awkward-1.10.5-cp38-cp38-macosx_10_9_universal2.whl", hash = "sha256:d1b7aa03bd39ada243493eb96af04f5bc498c3a973f3b1d7d8a1376191769eb7"},
    {file = "awkward-1.10.5-cp38-cp38-macosx_10_9_x86_64.whl", hash = "sha256:587f87e340c4de248c19b42937dd87261632d2e7956c7ad1f8aeb18cc812f99d"},
    {file = "awkward-1.10.5-cp38-cp38-manylinux_2_17_aarch64.manylinux2014_aarch64.whl", hash = "sha256:8e8e3ec984ccd1a9c3a4b280807ad0fb2107e1ab72f0904550fc0cdfe2895e2e"},
    {file = "awkward-1.10.5-cp38-cp38-manylinux_2_17_x86_64.manylinux2014_x86_64.whl", hash = "sha256:ac1dbe1eeb9194641ba583df5b1cf58ca7d12f008a8bcf74d202e4f5a594148d"},
    {file = "awkward-1.10.5-cp38-cp38-musllinux_1_1_aarch64.whl", hash = "sha256:2523db0829f4061a95dcf88a9acba628a9539587219d2cc78a2ace0c5b234089"},
    {file = "awkward-1.10.5-cp38-cp38-musllinux_1_1_x86_64.whl", hash = "sha256:be8f8a88654c0181f9c9b3c1ebf868e11345505698b277c1f8aa221ad9c2b4bf"},
    {file = "awkward-1.10.5-cp38-cp38-win32.whl", hash = "sha256:f6df4ec8aacef2d77e4c42af0e5dba84a2cfb4aba54865f8a88f145b4719267a"},
    {file = "awkward-1.10.5-cp38-cp38-win_amd64.whl", hash = "sha256:763f83218b41c8be5166933bb60e534bed3451764e89dfb10d61db2ae8d632eb"},
    {file = "awkward-1.10.5-cp39-cp39-macosx_10_9_universal2.whl", hash = "sha256:4ece88afb737f904ff4c92f7bf5bdeccc62b74e08056505716221327db0ae839"},
    {file = "awkward-1.10.5-cp39-cp39-macosx_10_9_x86_64.whl", hash = "sha256:87f8c7e3c4bbed47277633684dc250f20dc8e1d216eb3967a58613a83ab036c0"},
    {file = "awkward-1.10.5-cp39-cp39-manylinux_2_17_aarch64.manylinux2014_aarch64.whl", hash = "sha256:fd14d0a4d477e1c5ed61bfdda5b1405c724822614cf902bc5217d3369c9c1bb0"},
    {file = "awkward-1.10.5-cp39-cp39-manylinux_2_17_x86_64.manylinux2014_x86_64.whl", hash = "sha256:65dd2c7c7384f5ec087c66e5d65672758a0f93c3723e083cf9f8d3e6e8a5fb21"},
    {file = "awkward-1.10.5-cp39-cp39-musllinux_1_1_aarch64.whl", hash = "sha256:8154e00550258dc3870dd23e50f4b9f5fb8f4d229d0cfe0d0e7a2a24c1b93d2e"},
    {file = "awkward-1.10.5-cp39-cp39-musllinux_1_1_x86_64.whl", hash = "sha256:6bfda9e79acae6bf7d810264a53b0215a122094f9fb3dbbfb445f2f56c8818da"},
    {file = "awkward-1.10.5-cp39-cp39-win32.whl", hash = "sha256:e4303bed830d2f24acc9b86971375e765ae6888b2482f6da099f554faff8b85e"},
    {file = "awkward-1.10.5-cp39-cp39-win_amd64.whl", hash = "sha256:2fb73ef82c4c9ae14a24fa71a8d54c52fd0500a9cc5a2ec696be5c3d1b06831c"},
    {file = "awkward-1.10.5-pp37-pypy37_pp73-macosx_10_9_x86_64.whl", hash = "sha256:1733b22281b90990455ee559e4f8a3319305966625d83bd16398d1ce0d9b7703"},
    {file = "awkward-1.10.5-pp37-pypy37_pp73-manylinux_2_17_x86_64.manylinux2014_x86_64.whl", hash = "sha256:70ec93a5992f4dcd2efa873ae96b62417d80dbc3cd16b103c681129bf2a11850"},
    {file = "awkward-1.10.5-pp38-pypy38_pp73-macosx_10_9_x86_64.whl", hash = "sha256:147dfbd1598d2e55e3ddf0b248eabfeeaf44895134543a2b5fc848af7216402e"},
    {file = "awkward-1.10.5-pp38-pypy38_pp73-manylinux_2_17_x86_64.manylinux2014_x86_64.whl", hash = "sha256:d5993e95cc8eb458987dc98d281ab290babe49ccbe1a452ee06e8cfa30b83d1a"},
    {file = "awkward-1.10.5-pp39-pypy39_pp73-macosx_10_9_x86_64.whl", hash = "sha256:d14981cf6ede139c5ecffcd85f672a7c2c385934929ede8e36aaa9d4e36942f7"},
    {file = "awkward-1.10.5-pp39-pypy39_pp73-manylinux_2_17_x86_64.manylinux2014_x86_64.whl", hash = "sha256:195c528041e1f6286153a6cc2a44be75354daaed54aedf20a1372c1d2f78ce0b"},
    {file = "awkward-1.10.5.tar.gz", hash = "sha256:d5849850fdc1be00fd9b20b4420ab286517cf04427e0e0d20eca530dba568974"},
]

[package.dependencies]
importlib-resources = {version = "*", markers = "python_version < \"3.9\""}
numpy = ">=1.13.1"
packaging = "*"

[package.extras]
all = ["PyYAML", "autograd", "awkward-cuda-kernels (==1.10.5)", "flake8", "fsspec", "numba (>=0.50.0)", "numexpr", "pandas (>=0.24.0)", "pyarrow (>=7.0.0)", "pytest (>=6)", "pytest-cov"]
cuda = ["awkward-cuda-kernels (==1.10.5)"]
dev = ["PyYAML", "autograd", "flake8", "fsspec", "numba (>=0.50.0)", "numexpr", "pandas (>=0.24.0)", "pyarrow (>=7.0.0)"]
test = ["pytest (>=6)", "pytest-cov"]

[[package]]
name = "colorama"
version = "0.4.6"
description = "Cross-platform colored terminal text."
optional = false
python-versions = "!=3.0.*,!=3.1.*,!=3.2.*,!=3.3.*,!=3.4.*,!=3.5.*,!=3.6.*,>=2.7"
files = [
    {file = "colorama-0.4.6-py2.py3-none-any.whl", hash = "sha256:4f1d9991f5acc0ca119f9d443620b77f9d6b33703e51011c16baf57afb285fc6"},
    {file = "colorama-0.4.6.tar.gz", hash = "sha256:08695f5cb7ed6e0531a20572697297273c47b8cae5a63ffc6d6ed5c201be6e44"},
]

[[package]]
name = "hipopybind"
version = "1.0.1"
description = "A HIPO python library using PyBind11 and CMake"
optional = false
python-versions = ">=3.7"
files = [
    {file = "hipopybind-1.0.1-cp311-cp311-macosx_13_0_x86_64.whl", hash = "sha256:c8e11bd2ac4f3e36b793238c14ccf6ad2ae0e6f55198262c73d52c76524bca00"},
    {file = "hipopybind-1.0.1.tar.gz", hash = "sha256:8e09708a8c826ea4134ddee587445eb9d3eb3e589095c48c7b4223e7b662e75d"},
]

[package.extras]
test = ["pytest (>=6.0)"]

[[package]]
name = "importlib-metadata"
version = "6.7.0"
description = "Read metadata from Python packages"
optional = false
python-versions = ">=3.7"
files = [
    {file = "importlib_metadata-6.7.0-py3-none-any.whl", hash = "sha256:cb52082e659e97afc5dac71e79de97d8681de3aa07ff18578330904a9d18e5b5"},
    {file = "importlib_metadata-6.7.0.tar.gz", hash = "sha256:1aaf550d4f73e5d6783e7acb77aec43d49da8017410afae93822cc9cca98c4d4"},
]

[package.dependencies]
typing-extensions = {version = ">=3.6.4", markers = "python_version < \"3.8\""}
zipp = ">=0.5"

[package.extras]
docs = ["furo", "jaraco.packaging (>=9)", "jaraco.tidelift (>=1.4)", "rst.linker (>=1.9)", "sphinx (>=3.5)", "sphinx-lint"]
perf = ["ipython"]
testing = ["flufl.flake8", "importlib-resources (>=1.3)", "packaging", "pyfakefs", "pytest (>=6)", "pytest-black (>=0.3.7)", "pytest-checkdocs (>=2.4)", "pytest-cov", "pytest-enabler (>=1.3)", "pytest-mypy (>=0.9.1)", "pytest-perf (>=0.9.2)", "pytest-ruff"]

[[package]]
name = "importlib-resources"
version = "5.12.0"
description = "Read resources from Python packages"
optional = false
python-versions = ">=3.7"
files = [
    {file = "importlib_resources-5.12.0-py3-none-any.whl", hash = "sha256:7b1deeebbf351c7578e09bf2f63fa2ce8b5ffec296e0d349139d43cca061a81a"},
    {file = "importlib_resources-5.12.0.tar.gz", hash = "sha256:4be82589bf5c1d7999aedf2a45159d10cb3ca4f19b2271f8792bc8e6da7b22f6"},
]

[package.dependencies]
zipp = {version = ">=3.1.0", markers = "python_version < \"3.10\""}

[package.extras]
docs = ["furo", "jaraco.packaging (>=9)", "jaraco.tidelift (>=1.4)", "rst.linker (>=1.9)", "sphinx (>=3.5)", "sphinx-lint"]
testing = ["flake8 (<5)", "pytest (>=6)", "pytest-black (>=0.3.7)", "pytest-checkdocs (>=2.4)", "pytest-cov", "pytest-enabler (>=1.3)", "pytest-flake8", "pytest-mypy (>=0.9.1)"]

[[package]]
name = "more-itertools"
version = "9.1.0"
description = "More routines for operating on iterables, beyond itertools"
optional = false
python-versions = ">=3.7"
files = [
    {file = "more-itertools-9.1.0.tar.gz", hash = "sha256:cabaa341ad0389ea83c17a94566a53ae4c9d07349861ecb14dc6d0345cf9ac5d"},
    {file = "more_itertools-9.1.0-py3-none-any.whl", hash = "sha256:d2bc7f02446e86a68911e58ded76d6561eea00cddfb2a91e7019bbb586c799f3"},
]

[[package]]
name = "numpy"
version = "1.21.1"
description = "NumPy is the fundamental package for array computing with Python."
optional = false
python-versions = ">=3.7"
files = [
    {file = "numpy-1.21.1-cp37-cp37m-macosx_10_9_x86_64.whl", hash = "sha256:38e8648f9449a549a7dfe8d8755a5979b45b3538520d1e735637ef28e8c2dc50"},
    {file = "numpy-1.21.1-cp37-cp37m-manylinux_2_12_i686.manylinux2010_i686.whl", hash = "sha256:fd7d7409fa643a91d0a05c7554dd68aa9c9bb16e186f6ccfe40d6e003156e33a"},
    {file = "numpy-1.21.1-cp37-cp37m-manylinux_2_12_x86_64.manylinux2010_x86_64.whl", hash = "sha256:a75b4498b1e93d8b700282dc8e655b8bd559c0904b3910b144646dbbbc03e062"},
    {file = "numpy-1.21.1-cp37-cp37m-manylinux_2_17_aarch64.manylinux2014_aarch64.whl", hash = "sha256:1412aa0aec3e00bc23fbb8664d76552b4efde98fb71f60737c83efbac24112f1"},
    {file = "numpy-1.21.1-cp37-cp37m-manylinux_2_5_i686.manylinux1_i686.whl", hash = "sha256:e46ceaff65609b5399163de5893d8f2a82d3c77d5e56d976c8b5fb01faa6b671"},
    {file = "numpy-1.21.1-cp37-cp37m-manylinux_2_5_x86_64.manylinux1_x86_64.whl", hash = "sha256:c6a2324085dd52f96498419ba95b5777e40b6bcbc20088fddb9e8cbb58885e8e"},
    {file = "numpy-1.21.1-cp37-cp37m-win32.whl", hash = "sha256:73101b2a1fef16602696d133db402a7e7586654682244344b8329cdcbbb82172"},
    {file = "numpy-1.21.1-cp37-cp37m-win_amd64.whl", hash = "sha256:7a708a79c9a9d26904d1cca8d383bf869edf6f8e7650d85dbc77b041e8c5a0f8"},
    {file = "numpy-1.21.1-cp38-cp38-macosx_10_9_universal2.whl", hash = "sha256:95b995d0c413f5d0428b3f880e8fe1660ff9396dcd1f9eedbc311f37b5652e16"},
    {file = "numpy-1.21.1-cp38-cp38-macosx_10_9_x86_64.whl", hash = "sha256:635e6bd31c9fb3d475c8f44a089569070d10a9ef18ed13738b03049280281267"},
    {file = "numpy-1.21.1-cp38-cp38-macosx_11_0_arm64.whl", hash = "sha256:4a3d5fb89bfe21be2ef47c0614b9c9c707b7362386c9a3ff1feae63e0267ccb6"},
    {file = "numpy-1.21.1-cp38-cp38-manylinux_2_12_i686.manylinux2010_i686.whl", hash = "sha256:8a326af80e86d0e9ce92bcc1e65c8ff88297de4fa14ee936cb2293d414c9ec63"},
    {file = "numpy-1.21.1-cp38-cp38-manylinux_2_12_x86_64.manylinux2010_x86_64.whl", hash = "sha256:791492091744b0fe390a6ce85cc1bf5149968ac7d5f0477288f78c89b385d9af"},
    {file = "numpy-1.21.1-cp38-cp38-manylinux_2_17_aarch64.manylinux2014_aarch64.whl", hash = "sha256:0318c465786c1f63ac05d7c4dbcecd4d2d7e13f0959b01b534ea1e92202235c5"},
    {file = "numpy-1.21.1-cp38-cp38-manylinux_2_5_i686.manylinux1_i686.whl", hash = "sha256:9a513bd9c1551894ee3d31369f9b07460ef223694098cf27d399513415855b68"},
    {file = "numpy-1.21.1-cp38-cp38-manylinux_2_5_x86_64.manylinux1_x86_64.whl", hash = "sha256:91c6f5fc58df1e0a3cc0c3a717bb3308ff850abdaa6d2d802573ee2b11f674a8"},
    {file = "numpy-1.21.1-cp38-cp38-win32.whl", hash = "sha256:978010b68e17150db8765355d1ccdd450f9fc916824e8c4e35ee620590e234cd"},
    {file = "numpy-1.21.1-cp38-cp38-win_amd64.whl", hash = "sha256:9749a40a5b22333467f02fe11edc98f022133ee1bfa8ab99bda5e5437b831214"},
    {file = "numpy-1.21.1-cp39-cp39-macosx_10_9_universal2.whl", hash = "sha256:d7a4aeac3b94af92a9373d6e77b37691b86411f9745190d2c351f410ab3a791f"},
    {file = "numpy-1.21.1-cp39-cp39-macosx_10_9_x86_64.whl", hash = "sha256:d9e7912a56108aba9b31df688a4c4f5cb0d9d3787386b87d504762b6754fbb1b"},
    {file = "numpy-1.21.1-cp39-cp39-macosx_11_0_arm64.whl", hash = "sha256:25b40b98ebdd272bc3020935427a4530b7d60dfbe1ab9381a39147834e985eac"},
    {file = "numpy-1.21.1-cp39-cp39-manylinux_2_12_i686.manylinux2010_i686.whl", hash = "sha256:8a92c5aea763d14ba9d6475803fc7904bda7decc2a0a68153f587ad82941fec1"},
    {file = "numpy-1.21.1-cp39-cp39-manylinux_2_12_x86_64.manylinux2010_x86_64.whl", hash = "sha256:05a0f648eb28bae4bcb204e6fd14603de2908de982e761a2fc78efe0f19e96e1"},
    {file = "numpy-1.21.1-cp39-cp39-manylinux_2_17_aarch64.manylinux2014_aarch64.whl", hash = "sha256:f01f28075a92eede918b965e86e8f0ba7b7797a95aa8d35e1cc8821f5fc3ad6a"},
    {file = "numpy-1.21.1-cp39-cp39-win32.whl", hash = "sha256:88c0b89ad1cc24a5efbb99ff9ab5db0f9a86e9cc50240177a571fbe9c2860ac2"},
    {file = "numpy-1.21.1-cp39-cp39-win_amd64.whl", hash = "sha256:01721eefe70544d548425a07c80be8377096a54118070b8a62476866d5208e33"},
    {file = "numpy-1.21.1-pp37-pypy37_pp73-manylinux_2_12_x86_64.manylinux2010_x86_64.whl", hash = "sha256:2d4d1de6e6fb3d28781c73fbde702ac97f03d79e4ffd6598b880b2d95d62ead4"},
    {file = "numpy-1.21.1.zip", hash = "sha256:dff4af63638afcc57a3dfb9e4b26d434a7a602d225b42d746ea7fe2edf1342fd"},
]

[[package]]
name = "packaging"
version = "24.0"
description = "Core utilities for Python packages"
optional = false
python-versions = ">=3.7"
files = [
    {file = "packaging-24.0-py3-none-any.whl", hash = "sha256:2ddfb553fdf02fb784c234c7ba6ccc288296ceabec964ad2eae3777778130bc5"},
    {file = "packaging-24.0.tar.gz", hash = "sha256:eb82c5e3e56209074766e6885bb04b8c38a0c015d0a30036ebe7ece34c9989e9"},
]

[[package]]
name = "pluggy"
version = "0.13.1"
description = "plugin and hook calling mechanisms for python"
optional = false
python-versions = ">=2.7, !=3.0.*, !=3.1.*, !=3.2.*, !=3.3.*"
files = [
    {file = "pluggy-0.13.1-py2.py3-none-any.whl", hash = "sha256:966c145cd83c96502c3c3868f50408687b38434af77734af1e9ca461a4081d2d"},
    {file = "pluggy-0.13.1.tar.gz", hash = "sha256:15b2acde666561e1298d71b523007ed7364de07029219b604cf808bfa1c765b0"},
]

[package.dependencies]
importlib-metadata = {version = ">=0.12", markers = "python_version < \"3.8\""}

[package.extras]
dev = ["pre-commit", "tox"]

[[package]]
name = "py"
version = "1.11.0"
description = "library with cross-python path, ini-parsing, io, code, log facilities"
optional = false
python-versions = ">=2.7, !=3.0.*, !=3.1.*, !=3.2.*, !=3.3.*, !=3.4.*"
files = [
    {file = "py-1.11.0-py2.py3-none-any.whl", hash = "sha256:607c53218732647dff4acdfcd50cb62615cedf612e72d1724fb1a0cc6405b378"},
    {file = "py-1.11.0.tar.gz", hash = "sha256:51c75c4126074b472f746a24399ad32f6053d1b34b68d2fa41e558e6f4a98719"},
]

[[package]]
name = "pytest"
version = "5.4.3"
description = "pytest: simple powerful testing with Python"
optional = false
python-versions = ">=3.5"
files = [
    {file = "pytest-5.4.3-py3-none-any.whl", hash = "sha256:5c0db86b698e8f170ba4582a492248919255fcd4c79b1ee64ace34301fb589a1"},
    {file = "pytest-5.4.3.tar.gz", hash = "sha256:7979331bfcba207414f5e1263b5a0f8f521d0f457318836a7355531ed1a4c7d8"},
]

[package.dependencies]
atomicwrites = {version = ">=1.0", markers = "sys_platform == \"win32\""}
attrs = ">=17.4.0"
colorama = {version = "*", markers = "sys_platform == \"win32\""}
importlib-metadata = {version = ">=0.12", markers = "python_version < \"3.8\""}
more-itertools = ">=4.0.0"
packaging = "*"
pluggy = ">=0.12,<1.0"
py = ">=1.5.0"
wcwidth = "*"

[package.extras]
checkqa-mypy = ["mypy (==v0.761)"]
testing = ["argcomplete", "hypothesis (>=3.56)", "mock", "nose", "requests", "xmlschema"]

[[package]]
name = "typing-extensions"
version = "4.7.1"
description = "Backported and Experimental Type Hints for Python 3.7+"
optional = false
python-versions = ">=3.7"
files = [
    {file = "typing_extensions-4.7.1-py3-none-any.whl", hash = "sha256:440d5dd3af93b060174bf433bccd69b0babc3b15b1a8dca43789fd7f61514b36"},
    {file = "typing_extensions-4.7.1.tar.gz", hash = "sha256:b75ddc264f0ba5615db7ba217daeb99701ad295353c45f9e95963337ceeeffb2"},
]

[[package]]
name = "wcwidth"
version = "0.2.13"
description = "Measures the displayed width of unicode strings in a terminal"
optional = false
python-versions = "*"
files = [
    {file = "wcwidth-0.2.13-py2.py3-none-any.whl", hash = "sha256:3da69048e4540d84af32131829ff948f1e022c1c6bdb8d6102117aac784f6859"},
    {file = "wcwidth-0.2.13.tar.gz", hash = "sha256:72ea0c06399eb286d978fdedb6923a9eb47e1c486ce63e9b4e64fc18303972b5"},
]

[[package]]
name = "zipp"
version = "3.15.0"
description = "Backport of pathlib-compatible object wrapper for zip files"
optional = false
python-versions = ">=3.7"
files = [
    {file = "zipp-3.15.0-py3-none-any.whl", hash = "sha256:48904fc76a60e542af151aded95726c1a5c34ed43ab4134b597665c86d7ad556"},
    {file = "zipp-3.15.0.tar.gz", hash = "sha256:112929ad649da941c23de50f356a2b5570c954b65150642bccdd66bf194d224b"},
]

[package.extras]
docs = ["furo", "jaraco.packaging (>=9)", "jaraco.tidelift (>=1.4)", "rst.linker (>=1.9)", "sphinx (>=3.5)", "sphinx-lint"]
testing = ["big-O", "flake8 (<5)", "jaraco.functools", "jaraco.itertools", "more-itertools", "pytest (>=6)", "pytest-black (>=0.3.7)", "pytest-checkdocs (>=2.4)", "pytest-cov", "pytest-enabler (>=1.3)", "pytest-flake8", "pytest-mypy (>=0.9.1)"]

[metadata]
lock-version = "2.0"
python-versions = "^3.7.3"
content-hash = "18660995d2de7054f8a450c56dd2a3ae79d7d3f5f539d1ce2b5af1217cfecec1"
