# This file is automatically @generated by Poetry 2.2.1 and should not be changed by hand.

[[package]]
name = "awkward"
version = "2.2.4"
description = "Manipulate JSON-like data with NumPy-like idioms."
optional = false
python-versions = ">=3.7"
groups = ["main"]
files = [
    {file = "awkward-2.2.4-py3-none-any.whl", hash = "sha256:4edb0625dc2aab3760b5ea52fa80289975848a25be30394636cfbb4ad73fc868"},
    {file = "awkward-2.2.4.tar.gz", hash = "sha256:bf4ea661da0ffd67c87f3eb1ebe309bd2e183ac4ecc96aa10b2032919d5de6fe"},
]

[package.dependencies]
awkward-cpp = "17"
numpy = ">=1.17.0"
packaging = "*"
typing-extensions = {version = ">=4.1.0", markers = "python_version < \"3.11\""}

[[package]]
name = "awkward-cpp"
version = "17"
description = "CPU kernels and compiled extensions for Awkward Array"
optional = false
python-versions = ">=3.7"
groups = ["main"]
files = [
    {file = "awkward-cpp-17.tar.gz", hash = "sha256:8133bbaf18248dd5204a417a66dab96e1b62e55529b2b86870e2f3ecbeb19651"},
    {file = "awkward_cpp-17-cp310-cp310-macosx_10_9_universal2.whl", hash = "sha256:64e44a0b4ad349c032005f9dadc9bf04802355391ad7a27514149cf752be0803"},
    {file = "awkward_cpp-17-cp310-cp310-macosx_10_9_x86_64.whl", hash = "sha256:fc61675b84ab4e5b72b784e53769a2f67e7e9b7558c08f6b6328f1f577be7f9d"},
    {file = "awkward_cpp-17-cp310-cp310-manylinux_2_17_aarch64.manylinux2014_aarch64.whl", hash = "sha256:39f7275b36de730ce6025340e7ddebb678f3a7f6c844e95ac72bca2c20d374d2"},
    {file = "awkward_cpp-17-cp310-cp310-manylinux_2_17_x86_64.manylinux2014_x86_64.whl", hash = "sha256:ec5bca549fdf109eeb5554393622cbfe79cbcb9d871a471ed77b398d981ca0c7"},
    {file = "awkward_cpp-17-cp310-cp310-musllinux_1_1_aarch64.whl", hash = "sha256:05a3b95bd7bdcac564c9ed819a7b3076f5877b07d04626b78c0ea579b0894e50"},
    {file = "awkward_cpp-17-cp310-cp310-musllinux_1_1_x86_64.whl", hash = "sha256:8446bc5e2714f9b88a08d7cb3391b52c687c4dc6f1fa18cec820c81d9d830ac3"},
    {file = "awkward_cpp-17-cp310-cp310-win_amd64.whl", hash = "sha256:a8a158bebb96a8d927fa239b636d68004d59050ff384f72f06017784ea19b9f0"},
    {file = "awkward_cpp-17-cp311-cp311-macosx_10_9_universal2.whl", hash = "sha256:2c559f7ef1c52851ceaf22f9b636c4d6bec64735596e9ca6a8ec8af22489bdeb"},
    {file = "awkward_cpp-17-cp311-cp311-macosx_10_9_x86_64.whl", hash = "sha256:f832196048de03670e8080de45fb37a66e4e838c10d88da2a8a6efca0f14bb14"},
    {file = "awkward_cpp-17-cp311-cp311-manylinux_2_17_aarch64.manylinux2014_aarch64.whl", hash = "sha256:020ece6a23d69a0103e6931daf791cdfbc839f154606332a621838b2dae73719"},
    {file = "awkward_cpp-17-cp311-cp311-manylinux_2_17_x86_64.manylinux2014_x86_64.whl", hash = "sha256:c8de9d79b0969985453d7399870aa37bed53bfeb319a68106d5f3cec3f878118"},
    {file = "awkward_cpp-17-cp311-cp311-musllinux_1_1_aarch64.whl", hash = "sha256:daabedda8e4f5e3c1a32820afabb0edfaec77e92fe993b6a8f69b35a4fe852f5"},
    {file = "awkward_cpp-17-cp311-cp311-musllinux_1_1_x86_64.whl", hash = "sha256:aae73b852b67efd06d959f7dfccd4f985324f362764761632a3ba57a36b66bd8"},
    {file = "awkward_cpp-17-cp311-cp311-win_amd64.whl", hash = "sha256:7acc4dfba26123136cc8cd42f64961b34fc5ed6a32042dc18c00cc85593d1dfb"},
    {file = "awkward_cpp-17-cp37-cp37m-macosx_10_9_x86_64.whl", hash = "sha256:37ca9d1afe88e32a3e64cfeda54bcea10c1c92c1229100b9baa4876a69c05ad0"},
    {file = "awkward_cpp-17-cp37-cp37m-manylinux_2_17_aarch64.manylinux2014_aarch64.whl", hash = "sha256:8ba8cce91832707c8df094aacb7c16ff5243c795a454d48cd2f0de9f06af2f4e"},
    {file = "awkward_cpp-17-cp37-cp37m-manylinux_2_17_x86_64.manylinux2014_x86_64.whl", hash = "sha256:06bb457729e9ce57cbad6f0998c148e2f4b846d2b43752bf2d6181eb48746b31"},
    {file = "awkward_cpp-17-cp37-cp37m-musllinux_1_1_aarch64.whl", hash = "sha256:ebb2b26e2423f43837fb73a30566bc939feeec8fbf17033c4323ed9404e157b5"},
    {file = "awkward_cpp-17-cp37-cp37m-musllinux_1_1_x86_64.whl", hash = "sha256:f2fbdb5ec5be299e5bd8b6897979fe2c8a535132ff6b8c68fa21ea5546d196aa"},
    {file = "awkward_cpp-17-cp37-cp37m-win32.whl", hash = "sha256:0c8b24c32aa8778d0d39cefdf5c259f24df7a26da62fd15f479ab791d344dee1"},
    {file = "awkward_cpp-17-cp37-cp37m-win_amd64.whl", hash = "sha256:e01289f71e33656a85078d104c1867f4f8864385e3010a0a4c8d26ea03d18991"},
    {file = "awkward_cpp-17-cp38-cp38-macosx_10_9_universal2.whl", hash = "sha256:24303eb8719c3a7cd2bd7d3e323c3d9ecbc63563cd73cdbc5150141c66530565"},
    {file = "awkward_cpp-17-cp38-cp38-macosx_10_9_x86_64.whl", hash = "sha256:bb43e85c27f2ffa36688310c480c13b9838ffe5e197fcf12e3d57b709f1f4f86"},
    {file = "awkward_cpp-17-cp38-cp38-manylinux_2_17_aarch64.manylinux2014_aarch64.whl", hash = "sha256:4b8c0ca4d5225ca9e26c6483497e8a35efde2a9e0ec75d185e56947cc6d17f16"},
    {file = "awkward_cpp-17-cp38-cp38-manylinux_2_17_x86_64.manylinux2014_x86_64.whl", hash = "sha256:8fb79d828357f69cf68a26e6188d3a7467b3736cfd950ffa7f7503df1b36d098"},
    {file = "awkward_cpp-17-cp38-cp38-musllinux_1_1_aarch64.whl", hash = "sha256:d6f6610d86e4c2eda81c4493d348c6a725cdb4cd32d12965b270726722269fe6"},
    {file = "awkward_cpp-17-cp38-cp38-musllinux_1_1_x86_64.whl", hash = "sha256:60c428482a862a4221903b28fb50c4a4cfb3c5c05205ce6b83d025c030734dec"},
    {file = "awkward_cpp-17-cp38-cp38-win32.whl", hash = "sha256:6ce24ac514bfd18eb3246290085b763f618455d8aed47e2ebbf810300ad37f1f"},
    {file = "awkward_cpp-17-cp38-cp38-win_amd64.whl", hash = "sha256:c043c0f4685b2268a0345656ef6981907328cef3cddbdd7e40b5b856e6a83da8"},
    {file = "awkward_cpp-17-cp39-cp39-macosx_10_9_universal2.whl", hash = "sha256:540e0e3e251d046fd85802057682f94409717123f3b33915f5980c9b9c45c5de"},
    {file = "awkward_cpp-17-cp39-cp39-macosx_10_9_x86_64.whl", hash = "sha256:484e162cd25ff3724b1d9fdc5ff1533a0f2737184fc0395b52ceeb4a819fef37"},
    {file = "awkward_cpp-17-cp39-cp39-manylinux_2_17_aarch64.manylinux2014_aarch64.whl", hash = "sha256:988b42a5645dd43fdd38df789318549a809171ea9a609baf76ad0f8e0b5e2652"},
    {file = "awkward_cpp-17-cp39-cp39-manylinux_2_17_x86_64.manylinux2014_x86_64.whl", hash = "sha256:7e3bbee0034d312a0e716cd7939054b27868343e642a0d604a47d481d83cfe87"},
    {file = "awkward_cpp-17-cp39-cp39-musllinux_1_1_aarch64.whl", hash = "sha256:753584ecb346239f7bfbacf34e07a1975a10a3e102ccfcf0c60476bbb28eca6e"},
    {file = "awkward_cpp-17-cp39-cp39-musllinux_1_1_x86_64.whl", hash = "sha256:6863a4c68c3108718197add22a9db99d75c1e4c14030f6d8772a1bb807a3f2c8"},
    {file = "awkward_cpp-17-cp39-cp39-win32.whl", hash = "sha256:c7395f876a35350c8782d1e7c14f909aa1bbe1795054b9e8bd75d084e2b4c7d9"},
    {file = "awkward_cpp-17-cp39-cp39-win_amd64.whl", hash = "sha256:7c92ce3bdc0e92e72c41e744a04f3d90ab626b7a7c4df913260e4ad76eb22ea5"},
    {file = "awkward_cpp-17-pp37-pypy37_pp73-macosx_10_9_x86_64.whl", hash = "sha256:f2132078b45cfb104f2048036032785153b1db3d1d779d066cd09738c9db0f01"},
    {file = "awkward_cpp-17-pp37-pypy37_pp73-manylinux_2_17_x86_64.manylinux2014_x86_64.whl", hash = "sha256:fd22e1262285dac9ee9f77d18ad9331a4192c28b6ff91253007c3e668a4a25f5"},
    {file = "awkward_cpp-17-pp38-pypy38_pp73-macosx_10_9_x86_64.whl", hash = "sha256:1461c4314dc62b542b9d361a5c997ed21cd87870b3d65809229ab536ab58ebc3"},
    {file = "awkward_cpp-17-pp38-pypy38_pp73-manylinux_2_17_x86_64.manylinux2014_x86_64.whl", hash = "sha256:fad4f68ec7550d6acefe59fc68ef6279f2f5aec8bfeb61b87fec6201a10c9e2c"},
    {file = "awkward_cpp-17-pp39-pypy39_pp73-macosx_10_9_x86_64.whl", hash = "sha256:5dbb8cd8992f74dd4100c1ce34010ff67a0fa8f540c33db5ea805e8c23cbf937"},
    {file = "awkward_cpp-17-pp39-pypy39_pp73-manylinux_2_17_x86_64.manylinux2014_x86_64.whl", hash = "sha256:c0492f60ee319be347edb9122d1d7cacd70ea8f6ccb1d0c6f8a2493452462fc7"},
]

[package.dependencies]
numpy = ">=1.17.0"

[[package]]
name = "hipopybind"
version = "2.0.1"
description = "Python bindings for hipo using pybind11"
optional = false
python-versions = ">=3.9"
groups = ["main"]
files = [
    {file = "hipopybind-2.0.1-cp310-cp310-macosx_15_0_arm64.whl", hash = "sha256:c431d657263cfb7c96b7905b0feedf6dd1bf158c336ce2ea7901d7678bf564df"},
    {file = "hipopybind-2.0.1-cp310-cp310-macosx_15_0_x86_64.whl", hash = "sha256:e27eb9abf6a1d63d0df5b76d1dd2de0554174905d7a0838c08b78216312efcf6"},
    {file = "hipopybind-2.0.1-cp310-cp310-manylinux_2_27_x86_64.manylinux_2_28_x86_64.whl", hash = "sha256:7da27a8c14e3f8bb31512fb48e4f973959e7ec9fed42fc280a8409036e967281"},
    {file = "hipopybind-2.0.1-cp311-cp311-macosx_15_0_arm64.whl", hash = "sha256:b9995a4d40340e1f3dd78178309a5e607ca4b26fb78e777bb10f0660912bf421"},
    {file = "hipopybind-2.0.1-cp311-cp311-macosx_15_0_x86_64.whl", hash = "sha256:20aec830b93b73ad1d3dac5913cc4fe0e30b65b40ab7104bfaead1e9249f38f6"},
    {file = "hipopybind-2.0.1-cp311-cp311-manylinux_2_27_x86_64.manylinux_2_28_x86_64.whl", hash = "sha256:f53606bd25cc8b5b2bc3b52b75aad3a39c254a55ade77316d7b871795004676d"},
    {file = "hipopybind-2.0.1-cp312-cp312-macosx_15_0_arm64.whl", hash = "sha256:3120842d3d8d23627c90dcd47efc315f06912a2c556d4746baec5b3ca893ba80"},
    {file = "hipopybind-2.0.1-cp312-cp312-macosx_15_0_x86_64.whl", hash = "sha256:7398a004385c2c3bd9c8f0052f1d3e3307fcee69863d4c3457a1c26b910024f0"},
    {file = "hipopybind-2.0.1-cp312-cp312-manylinux_2_27_x86_64.manylinux_2_28_x86_64.whl", hash = "sha256:fa9c55ba570b6b5d3d5c56c93af12b065b88bf4e4654e1f465ef60ce8392f431"},
    {file = "hipopybind-2.0.1-cp313-cp313-macosx_15_0_arm64.whl", hash = "sha256:cc0946dcea48e5694e570ceb721c01fd0c5acbd945f054847caa7652af62c0da"},
    {file = "hipopybind-2.0.1-cp313-cp313-macosx_15_0_x86_64.whl", hash = "sha256:12c006e6814faaaa3ef63a8bc4a7419c3e3abbfb91477683de14a6bbcc3db92f"},
    {file = "hipopybind-2.0.1-cp313-cp313-manylinux_2_27_x86_64.manylinux_2_28_x86_64.whl", hash = "sha256:4ec9ccdbd88cbce7a1b7eaebdcae9de22b2ee3b1d86041162c8b4788fa90f786"},
    {file = "hipopybind-2.0.1-cp314-cp314-macosx_15_0_arm64.whl", hash = "sha256:af9e84fa49f8d4ef2223145812e6093e4c349f06b647ac32eb8104b59eaba39c"},
    {file = "hipopybind-2.0.1-cp314-cp314-macosx_15_0_x86_64.whl", hash = "sha256:185e17f652f54ea363a88465471d4bc4dd9a8019d82bc77078285f741207e23a"},
    {file = "hipopybind-2.0.1-cp314-cp314-manylinux_2_27_x86_64.manylinux_2_28_x86_64.whl", hash = "sha256:ef1aa880915a181d87246acb83714adeab2a1b528e4beeaa53065ed8611eceee"},
    {file = "hipopybind-2.0.1-cp314-cp314t-macosx_15_0_arm64.whl", hash = "sha256:dbc36d3e4874577c005e815a42d152169aa983e72fe86ad8ca3236d991d419e9"},
    {file = "hipopybind-2.0.1-cp314-cp314t-macosx_15_0_x86_64.whl", hash = "sha256:83c0f9a9a0835031bc4cf7bdd396ec4d8dd4aa02635542f0890c1b6f46556af9"},
    {file = "hipopybind-2.0.1-cp314-cp314t-manylinux_2_27_x86_64.manylinux_2_28_x86_64.whl", hash = "sha256:7a6a9477807d4f3eff7fd6bcf0230a9809c74ab1094561a55fbe7789c4048e7b"},
    {file = "hipopybind-2.0.1-cp39-cp39-macosx_15_0_arm64.whl", hash = "sha256:7f79e0d1b5f870e9cb129267aa5cbfcfb2d6901cc5c60b04ad35fc8386e5b8a5"},
    {file = "hipopybind-2.0.1-cp39-cp39-macosx_15_0_x86_64.whl", hash = "sha256:95c74418c1b1786f7ae3904eb97253b6f4083eadcf17d20397564436b78083ab"},
    {file = "hipopybind-2.0.1-cp39-cp39-manylinux_2_27_x86_64.manylinux_2_28_x86_64.whl", hash = "sha256:ca04e09acf1394a171f5226fcf9617f6ad5af27cc1d1d68f0c71739f421c3482"},
]

[package.dependencies]
meson = ">=1.2"
ninja = ">=1.8.2"
pybind11 = ">=3.0.1"

[[package]]
name = "meson"
version = "1.9.1"
description = "A high performance build system"
optional = false
python-versions = ">=3.7"
groups = ["main"]
files = [
    {file = "meson-1.9.1-py3-none-any.whl", hash = "sha256:f824ab770c041a202f532f69e114c971918ed2daff7ea56583d80642564598d0"},
]

[package.extras]
ninja = ["ninja (>=1.8.2)"]
progress = ["tqdm"]
typing = ["mypy", "typing_extensions ; python_version < \"3.8\""]

[[package]]
name = "ninja"
version = "1.13.0"
description = "Ninja is a small build system with a focus on speed"
optional = false
python-versions = ">=3.8"
groups = ["main"]
files = [
    {file = "ninja-1.13.0-py3-none-macosx_10_9_universal2.whl", hash = "sha256:fa2a8bfc62e31b08f83127d1613d10821775a0eb334197154c4d6067b7068ff1"},
    {file = "ninja-1.13.0-py3-none-manylinux2014_aarch64.manylinux_2_17_aarch64.whl", hash = "sha256:3d00c692fb717fd511abeb44b8c5d00340c36938c12d6538ba989fe764e79630"},
    {file = "ninja-1.13.0-py3-none-manylinux2014_i686.manylinux_2_17_i686.whl", hash = "sha256:be7f478ff9f96a128b599a964fc60a6a87b9fa332ee1bd44fa243ac88d50291c"},
    {file = "ninja-1.13.0-py3-none-manylinux2014_ppc64le.manylinux_2_17_ppc64le.whl", hash = "sha256:60056592cf495e9a6a4bea3cd178903056ecb0943e4de45a2ea825edb6dc8d3e"},
    {file = "ninja-1.13.0-py3-none-manylinux2014_s390x.manylinux_2_17_s390x.whl", hash = "sha256:1c97223cdda0417f414bf864cfb73b72d8777e57ebb279c5f6de368de0062988"},
    {file = "ninja-1.13.0-py3-none-manylinux2014_x86_64.manylinux_2_17_x86_64.whl", hash = "sha256:fb46acf6b93b8dd0322adc3a4945452a4e774b75b91293bafcc7b7f8e6517dfa"},
    {file = "ninja-1.13.0-py3-none-manylinux_2_28_armv7l.manylinux_2_31_armv7l.whl", hash = "sha256:4be9c1b082d244b1ad7ef41eb8ab088aae8c109a9f3f0b3e56a252d3e00f42c1"},
    {file = "ninja-1.13.0-py3-none-manylinux_2_31_riscv64.whl", hash = "sha256:6739d3352073341ad284246f81339a384eec091d9851a886dfa5b00a6d48b3e2"},
    {file = "ninja-1.13.0-py3-none-musllinux_1_2_aarch64.whl", hash = "sha256:11be2d22027bde06f14c343f01d31446747dbb51e72d00decca2eb99be911e2f"},
    {file = "ninja-1.13.0-py3-none-musllinux_1_2_armv7l.whl", hash = "sha256:aa45b4037b313c2f698bc13306239b8b93b4680eb47e287773156ac9e9304714"},
    {file = "ninja-1.13.0-py3-none-musllinux_1_2_i686.whl", hash = "sha256:5f8e1e8a1a30835eeb51db05cf5a67151ad37542f5a4af2a438e9490915e5b72"},
    {file = "ninja-1.13.0-py3-none-musllinux_1_2_ppc64le.whl", hash = "sha256:3d7d7779d12cb20c6d054c61b702139fd23a7a964ec8f2c823f1ab1b084150db"},
    {file = "ninja-1.13.0-py3-none-musllinux_1_2_riscv64.whl", hash = "sha256:d741a5e6754e0bda767e3274a0f0deeef4807f1fec6c0d7921a0244018926ae5"},
    {file = "ninja-1.13.0-py3-none-musllinux_1_2_s390x.whl", hash = "sha256:e8bad11f8a00b64137e9b315b137d8bb6cbf3086fbdc43bf1f90fd33324d2e96"},
    {file = "ninja-1.13.0-py3-none-musllinux_1_2_x86_64.whl", hash = "sha256:b4f2a072db3c0f944c32793e91532d8948d20d9ab83da9c0c7c15b5768072200"},
    {file = "ninja-1.13.0-py3-none-win32.whl", hash = "sha256:8cfbb80b4a53456ae8a39f90ae3d7a2129f45ea164f43fadfa15dc38c4aef1c9"},
    {file = "ninja-1.13.0-py3-none-win_amd64.whl", hash = "sha256:fb8ee8719f8af47fed145cced4a85f0755dd55d45b2bddaf7431fa89803c5f3e"},
    {file = "ninja-1.13.0-py3-none-win_arm64.whl", hash = "sha256:3c0b40b1f0bba764644385319028650087b4c1b18cdfa6f45cb39a3669b81aa9"},
    {file = "ninja-1.13.0.tar.gz", hash = "sha256:4a40ce995ded54d9dc24f8ea37ff3bf62ad192b547f6c7126e7e25045e76f978"},
]

[[package]]
name = "numpy"
version = "2.0.2"
description = "Fundamental package for array computing in Python"
optional = false
python-versions = ">=3.9"
groups = ["main"]
files = [
    {file = "numpy-2.0.2-cp310-cp310-macosx_10_9_x86_64.whl", hash = "sha256:51129a29dbe56f9ca83438b706e2e69a39892b5eda6cedcb6b0c9fdc9b0d3ece"},
    {file = "numpy-2.0.2-cp310-cp310-macosx_11_0_arm64.whl", hash = "sha256:f15975dfec0cf2239224d80e32c3170b1d168335eaedee69da84fbe9f1f9cd04"},
    {file = "numpy-2.0.2-cp310-cp310-macosx_14_0_arm64.whl", hash = "sha256:8c5713284ce4e282544c68d1c3b2c7161d38c256d2eefc93c1d683cf47683e66"},
    {file = "numpy-2.0.2-cp310-cp310-macosx_14_0_x86_64.whl", hash = "sha256:becfae3ddd30736fe1889a37f1f580e245ba79a5855bff5f2a29cb3ccc22dd7b"},
    {file = "numpy-2.0.2-cp310-cp310-manylinux_2_17_aarch64.manylinux2014_aarch64.whl", hash = "sha256:2da5960c3cf0df7eafefd806d4e612c5e19358de82cb3c343631188991566ccd"},
    {file = "numpy-2.0.2-cp310-cp310-manylinux_2_17_x86_64.manylinux2014_x86_64.whl", hash = "sha256:496f71341824ed9f3d2fd36cf3ac57ae2e0165c143b55c3a035ee219413f3318"},
    {file = "numpy-2.0.2-cp310-cp310-musllinux_1_1_x86_64.whl", hash = "sha256:a61ec659f68ae254e4d237816e33171497e978140353c0c2038d46e63282d0c8"},
    {file = "numpy-2.0.2-cp310-cp310-musllinux_1_2_aarch64.whl", hash = "sha256:d731a1c6116ba289c1e9ee714b08a8ff882944d4ad631fd411106a30f083c326"},
    {file = "numpy-2.0.2-cp310-cp310-win32.whl", hash = "sha256:984d96121c9f9616cd33fbd0618b7f08e0cfc9600a7ee1d6fd9b239186d19d97"},
    {file = "numpy-2.0.2-cp310-cp310-win_amd64.whl", hash = "sha256:c7b0be4ef08607dd04da4092faee0b86607f111d5ae68036f16cc787e250a131"},
    {file = "numpy-2.0.2-cp311-cp311-macosx_10_9_x86_64.whl", hash = "sha256:49ca4decb342d66018b01932139c0961a8f9ddc7589611158cb3c27cbcf76448"},
    {file = "numpy-2.0.2-cp311-cp311-macosx_11_0_arm64.whl", hash = "sha256:11a76c372d1d37437857280aa142086476136a8c0f373b2e648ab2c8f18fb195"},
    {file = "numpy-2.0.2-cp311-cp311-macosx_14_0_arm64.whl", hash = "sha256:807ec44583fd708a21d4a11d94aedf2f4f3c3719035c76a2bbe1fe8e217bdc57"},
    {file = "numpy-2.0.2-cp311-cp311-macosx_14_0_x86_64.whl", hash = "sha256:8cafab480740e22f8d833acefed5cc87ce276f4ece12fdaa2e8903db2f82897a"},
    {file = "numpy-2.0.2-cp311-cp311-manylinux_2_17_aarch64.manylinux2014_aarch64.whl", hash = "sha256:a15f476a45e6e5a3a79d8a14e62161d27ad897381fecfa4a09ed5322f2085669"},
    {file = "numpy-2.0.2-cp311-cp311-manylinux_2_17_x86_64.manylinux2014_x86_64.whl", hash = "sha256:13e689d772146140a252c3a28501da66dfecd77490b498b168b501835041f951"},
    {file = "numpy-2.0.2-cp311-cp311-musllinux_1_1_x86_64.whl", hash = "sha256:9ea91dfb7c3d1c56a0e55657c0afb38cf1eeae4544c208dc465c3c9f3a7c09f9"},
    {file = "numpy-2.0.2-cp311-cp311-musllinux_1_2_aarch64.whl", hash = "sha256:c1c9307701fec8f3f7a1e6711f9089c06e6284b3afbbcd259f7791282d660a15"},
    {file = "numpy-2.0.2-cp311-cp311-win32.whl", hash = "sha256:a392a68bd329eafac5817e5aefeb39038c48b671afd242710b451e76090e81f4"},
    {file = "numpy-2.0.2-cp311-cp311-win_amd64.whl", hash = "sha256:286cd40ce2b7d652a6f22efdfc6d1edf879440e53e76a75955bc0c826c7e64dc"},
    {file = "numpy-2.0.2-cp312-cp312-macosx_10_9_x86_64.whl", hash = "sha256:df55d490dea7934f330006d0f81e8551ba6010a5bf035a249ef61a94f21c500b"},
    {file = "numpy-2.0.2-cp312-cp312-macosx_11_0_arm64.whl", hash = "sha256:8df823f570d9adf0978347d1f926b2a867d5608f434a7cff7f7908c6570dcf5e"},
    {file = "numpy-2.0.2-cp312-cp312-macosx_14_0_arm64.whl", hash = "sha256:9a92ae5c14811e390f3767053ff54eaee3bf84576d99a2456391401323f4ec2c"},
    {file = "numpy-2.0.2-cp312-cp312-macosx_14_0_x86_64.whl", hash = "sha256:a842d573724391493a97a62ebbb8e731f8a5dcc5d285dfc99141ca15a3302d0c"},
    {file = "numpy-2.0.2-cp312-cp312-manylinux_2_17_aarch64.manylinux2014_aarch64.whl", hash = "sha256:c05e238064fc0610c840d1cf6a13bf63d7e391717d247f1bf0318172e759e692"},
    {file = "numpy-2.0.2-cp312-cp312-manylinux_2_17_x86_64.manylinux2014_x86_64.whl", hash = "sha256:0123ffdaa88fa4ab64835dcbde75dcdf89c453c922f18dced6e27c90d1d0ec5a"},
    {file = "numpy-2.0.2-cp312-cp312-musllinux_1_1_x86_64.whl", hash = "sha256:96a55f64139912d61de9137f11bf39a55ec8faec288c75a54f93dfd39f7eb40c"},
    {file = "numpy-2.0.2-cp312-cp312-musllinux_1_2_aarch64.whl", hash = "sha256:ec9852fb39354b5a45a80bdab5ac02dd02b15f44b3804e9f00c556bf24b4bded"},
    {file = "numpy-2.0.2-cp312-cp312-win32.whl", hash = "sha256:671bec6496f83202ed2d3c8fdc486a8fc86942f2e69ff0e986140339a63bcbe5"},
    {file = "numpy-2.0.2-cp312-cp312-win_amd64.whl", hash = "sha256:cfd41e13fdc257aa5778496b8caa5e856dc4896d4ccf01841daee1d96465467a"},
    {file = "numpy-2.0.2-cp39-cp39-macosx_10_9_x86_64.whl", hash = "sha256:9059e10581ce4093f735ed23f3b9d283b9d517ff46009ddd485f1747eb22653c"},
    {file = "numpy-2.0.2-cp39-cp39-macosx_11_0_arm64.whl", hash = "sha256:423e89b23490805d2a5a96fe40ec507407b8ee786d66f7328be214f9679df6dd"},
    {file = "numpy-2.0.2-cp39-cp39-macosx_14_0_arm64.whl", hash = "sha256:2b2955fa6f11907cf7a70dab0d0755159bca87755e831e47932367fc8f2f2d0b"},
    {file = "numpy-2.0.2-cp39-cp39-macosx_14_0_x86_64.whl", hash = "sha256:97032a27bd9d8988b9a97a8c4d2c9f2c15a81f61e2f21404d7e8ef00cb5be729"},
    {file = "numpy-2.0.2-cp39-cp39-manylinux_2_17_aarch64.manylinux2014_aarch64.whl", hash = "sha256:1e795a8be3ddbac43274f18588329c72939870a16cae810c2b73461c40718ab1"},
    {file = "numpy-2.0.2-cp39-cp39-manylinux_2_17_x86_64.manylinux2014_x86_64.whl", hash = "sha256:f26b258c385842546006213344c50655ff1555a9338e2e5e02a0756dc3e803dd"},
    {file = "numpy-2.0.2-cp39-cp39-musllinux_1_1_x86_64.whl", hash = "sha256:5fec9451a7789926bcf7c2b8d187292c9f93ea30284802a0ab3f5be8ab36865d"},
    {file = "numpy-2.0.2-cp39-cp39-musllinux_1_2_aarch64.whl", hash = "sha256:9189427407d88ff25ecf8f12469d4d39d35bee1db5d39fc5c168c6f088a6956d"},
    {file = "numpy-2.0.2-cp39-cp39-win32.whl", hash = "sha256:905d16e0c60200656500c95b6b8dca5d109e23cb24abc701d41c02d74c6b3afa"},
    {file = "numpy-2.0.2-cp39-cp39-win_amd64.whl", hash = "sha256:a3f4ab0caa7f053f6797fcd4e1e25caee367db3112ef2b6ef82d749530768c73"},
    {file = "numpy-2.0.2-pp39-pypy39_pp73-macosx_10_9_x86_64.whl", hash = "sha256:7f0a0c6f12e07fa94133c8a67404322845220c06a9e80e85999afe727f7438b8"},
    {file = "numpy-2.0.2-pp39-pypy39_pp73-macosx_14_0_x86_64.whl", hash = "sha256:312950fdd060354350ed123c0e25a71327d3711584beaef30cdaa93320c392d4"},
    {file = "numpy-2.0.2-pp39-pypy39_pp73-manylinux_2_17_x86_64.manylinux2014_x86_64.whl", hash = "sha256:26df23238872200f63518dd2aa984cfca675d82469535dc7162dc2ee52d9dd5c"},
    {file = "numpy-2.0.2-pp39-pypy39_pp73-win_amd64.whl", hash = "sha256:a46288ec55ebbd58947d31d72be2c63cbf839f0a63b49cb755022310792a3385"},
    {file = "numpy-2.0.2.tar.gz", hash = "sha256:883c987dee1880e2a864ab0dc9892292582510604156762362d9326444636e78"},
]

[[package]]
name = "packaging"
version = "24.0"
description = "Core utilities for Python packages"
optional = false
python-versions = ">=3.7"
groups = ["main"]
files = [
    {file = "packaging-24.0-py3-none-any.whl", hash = "sha256:2ddfb553fdf02fb784c234c7ba6ccc288296ceabec964ad2eae3777778130bc5"},
    {file = "packaging-24.0.tar.gz", hash = "sha256:eb82c5e3e56209074766e6885bb04b8c38a0c015d0a30036ebe7ece34c9989e9"},
]

[[package]]
name = "pybind11"
version = "3.0.1"
description = "Seamless operability between C++11 and Python"
optional = false
python-versions = ">=3.8"
groups = ["main"]
files = [
    {file = "pybind11-3.0.1-py3-none-any.whl", hash = "sha256:aa8f0aa6e0a94d3b64adfc38f560f33f15e589be2175e103c0a33c6bce55ee89"},
    {file = "pybind11-3.0.1.tar.gz", hash = "sha256:9c0f40056a016da59bab516efb523089139fcc6f2ba7e4930854c61efb932051"},
]

[package.extras]
global = ["pybind11-global (==3.0.1)"]

[[package]]
name = "typing-extensions"
version = "4.7.1"
description = "Backported and Experimental Type Hints for Python 3.7+"
optional = false
python-versions = ">=3.7"
groups = ["main"]
markers = "python_version < \"3.11\""
files = [
    {file = "typing_extensions-4.7.1-py3-none-any.whl", hash = "sha256:440d5dd3af93b060174bf433bccd69b0babc3b15b1a8dca43789fd7f61514b36"},
    {file = "typing_extensions-4.7.1.tar.gz", hash = "sha256:b75ddc264f0ba5615db7ba217daeb99701ad295353c45f9e95963337ceeeffb2"},
]

[metadata]
lock-version = "2.1"
python-versions = ">=3.9.0"
content-hash = "874ebd044c920884f64ea896b50e63096e09dc34e5d0dc5c8960557dfd526aad"
